
Microsoft Visual Studio Solution File, Format Version 12.00
# Visual Studio Version 16
VisualStudioVersion = 16.0.32106.194
MinimumVisualStudioVersion = 10.0.40219.1
Project("{FAE04EC0-301F-11D3-BF4B-00C04F79EFBC}") = "crawler", "crawler\crawler.csproj", "{15FD7280-DFFD-4489-AE99-23ECF1027689}"
EndProject
Global
	GlobalSection(SolutionConfigurationPlatforms) = preSolution
		Debug|Any CPU = Debug|Any CPU
		Release|Any CPU = Release|Any CPU
	EndGlobalSection
	GlobalSection(ProjectConfigurationPlatforms) = postSolution
		{15FD7280-DFFD-4489-AE99-23ECF1027689}.Debug|Any CPU.ActiveCfg = Debug|Any CPU
		{15FD7280-DFFD-4489-AE99-23ECF1027689}.Debug|Any CPU.Build.0 = Debug|Any CPU
		{15FD7280-DFFD-4489-AE99-23ECF1027689}.Release|Any CPU.ActiveCfg = Release|Any CPU
		{15FD7280-DFFD-4489-AE99-23ECF1027689}.Release|Any CPU.Build.0 = Release|Any CPU
	EndGlobalSection
	GlobalSection(SolutionProperties) = preSolution
		HideSolutionNode = FALSE
	EndGlobalSection
	GlobalSection(ExtensibilityGlobals) = postSolution
		SolutionGuid = {42F68FF1-00D6-4CC5-A923-354962D6F7B3}
	EndGlobalSection
EndGlobal
